
Microsoft Visual Studio Solution File, Format Version 12.00
# Visual Studio Version 16
VisualStudioVersion = 16.0.31424.327
MinimumVisualStudioVersion = 10.0.40219.1
Project("{FAE04EC0-301F-11D3-BF4B-00C04F79EFBC}") = "Calculator", "Calculator\Calculator.csproj", "{E928617D-733D-4509-BD9B-FBE6C9287F0D}"
EndProject
Global
	GlobalSection(SolutionConfigurationPlatforms) = preSolution
		Debug|Any CPU = Debug|Any CPU
		Release|Any CPU = Release|Any CPU
	EndGlobalSection
	GlobalSection(ProjectConfigurationPlatforms) = postSolution
		{E928617D-733D-4509-BD9B-FBE6C9287F0D}.Debug|Any CPU.ActiveCfg = Debug|Any CPU
		{E928617D-733D-4509-BD9B-FBE6C9287F0D}.Debug|Any CPU.Build.0 = Debug|Any CPU
		{E928617D-733D-4509-BD9B-FBE6C9287F0D}.Release|Any CPU.ActiveCfg = Release|Any CPU
		{E928617D-733D-4509-BD9B-FBE6C9287F0D}.Release|Any CPU.Build.0 = Release|Any CPU
	EndGlobalSection
	GlobalSection(SolutionProperties) = preSolution
		HideSolutionNode = FALSE
	EndGlobalSection
	GlobalSection(ExtensibilityGlobals) = postSolution
		SolutionGuid = {D264040B-624D-4449-B419-4DEFF1F0602A}
	EndGlobalSection
EndGlobal
